// !$*UTF8*$!
{
	archiveVersion = 1;
	classes = {
	};
	objectVersion = 77;
	objects = {

/* Begin PBXBuildFile section */
		DF1F906F2D6FEE0700B72801 /* FirebaseCore in Frameworks */ = {isa = PBXBuildFile; productRef = DF1F906E2D6FEE0700B72801 /* FirebaseCore */; };
		DF9B9CB02D70B92A00C8BEE6 /* FirebaseAuth in Frameworks */ = {isa = PBXBuildFile; productRef = DF9B9CAF2D70B92A00C8BEE6 /* FirebaseAuth */; };
		DF9B9CB22D70B92A00C8BEE6 /* FirebaseFirestore in Frameworks */ = {isa = PBXBuildFile; productRef = DF9B9CB12D70B92A00C8BEE6 /* FirebaseFirestore */; };
/* End PBXBuildFile section */

/* Begin PBXContainerItemProxy section */
		DF74390B2D6BE1AE001D9405 /* PBXContainerItemProxy */ = {
			isa = PBXContainerItemProxy;
			containerPortal = DF7438F22D6BE1AC001D9405 /* Project object */;
			proxyType = 1;
			remoteGlobalIDString = DF7438F92D6BE1AC001D9405;
			remoteInfo = wyd;
		};
		DF7439152D6BE1AE001D9405 /* PBXContainerItemProxy */ = {
			isa = PBXContainerItemProxy;
			containerPortal = DF7438F22D6BE1AC001D9405 /* Project object */;
			proxyType = 1;
			remoteGlobalIDString = DF7438F92D6BE1AC001D9405;
			remoteInfo = wyd;
		};
/* End PBXContainerItemProxy section */

/* Begin PBXFileReference section */
		DF7438FA2D6BE1AC001D9405 /* wyd.app */ = {isa = PBXFileReference; explicitFileType = wrapper.application; includeInIndex = 0; path = wyd.app; sourceTree = BUILT_PRODUCTS_DIR; };
		DF74390A2D6BE1AE001D9405 /* wydTests.xctest */ = {isa = PBXFileReference; explicitFileType = wrapper.cfbundle; includeInIndex = 0; path = wydTests.xctest; sourceTree = BUILT_PRODUCTS_DIR; };
		DF7439142D6BE1AE001D9405 /* wydUITests.xctest */ = {isa = PBXFileReference; explicitFileType = wrapper.cfbundle; includeInIndex = 0; path = wydUITests.xctest; sourceTree = BUILT_PRODUCTS_DIR; };
/* End PBXFileReference section */

/* Begin PBXFileSystemSynchronizedBuildFileExceptionSet section */
		DF600EDC2D6BE38A0010BE43 /* Exceptions for "wyd" folder in "wyd" target */ = {
			isa = PBXFileSystemSynchronizedBuildFileExceptionSet;
			membershipExceptions = (
				Info.plist,
			);
			target = DF7438F92D6BE1AC001D9405 /* wyd */;
		};
/* End PBXFileSystemSynchronizedBuildFileExceptionSet section */

/* Begin PBXFileSystemSynchronizedRootGroup section */
		DF7438FC2D6BE1AC001D9405 /* wyd */ = {
			isa = PBXFileSystemSynchronizedRootGroup;
			exceptions = (
				DF600EDC2D6BE38A0010BE43 /* Exceptions for "wyd" folder in "wyd" target */,
			);
			path = wyd;
			sourceTree = "<group>";
		};
		DF74390D2D6BE1AE001D9405 /* wydTests */ = {
			isa = PBXFileSystemSynchronizedRootGroup;
			path = wydTests;
			sourceTree = "<group>";
		};
		DF7439172D6BE1AE001D9405 /* wydUITests */ = {
			isa = PBXFileSystemSynchronizedRootGroup;
			path = wydUITests;
			sourceTree = "<group>";
		};
/* End PBXFileSystemSynchronizedRootGroup section */

/* Begin PBXFrameworksBuildPhase section */
		DF7438F72D6BE1AC001D9405 /* Frameworks */ = {
			isa = PBXFrameworksBuildPhase;
			buildActionMask = 2147483647;
			files = (
				DF1F906F2D6FEE0700B72801 /* FirebaseCore in Frameworks */,
				DF9B9CB02D70B92A00C8BEE6 /* FirebaseAuth in Frameworks */,
				DF9B9CB22D70B92A00C8BEE6 /* FirebaseFirestore in Frameworks */,
			);
			runOnlyForDeploymentPostprocessing = 0;
		};
		DF7439072D6BE1AE001D9405 /* Frameworks */ = {
			isa = PBXFrameworksBuildPhase;
			buildActionMask = 2147483647;
			files = (
			);
			runOnlyForDeploymentPostprocessing = 0;
		};
		DF7439112D6BE1AE001D9405 /* Frameworks */ = {
			isa = PBXFrameworksBuildPhase;
			buildActionMask = 2147483647;
			files = (
			);
			runOnlyForDeploymentPostprocessing = 0;
		};
/* End PBXFrameworksBuildPhase section */

/* Begin PBXGroup section */
		DF1F90612D6FDEEE00B72801 /* Frameworks */ = {
			isa = PBXGroup;
			children = (
			);
			name = Frameworks;
			sourceTree = "<group>";
		};
		DF7438F12D6BE1AC001D9405 = {
			isa = PBXGroup;
			children = (
				DF7438FC2D6BE1AC001D9405 /* wyd */,
				DF74390D2D6BE1AE001D9405 /* wydTests */,
				DF7439172D6BE1AE001D9405 /* wydUITests */,
				DF1F90612D6FDEEE00B72801 /* Frameworks */,
				DF7438FB2D6BE1AC001D9405 /* Products */,
			);
			sourceTree = "<group>";
		};
		DF7438FB2D6BE1AC001D9405 /* Products */ = {
			isa = PBXGroup;
			children = (
				DF7438FA2D6BE1AC001D9405 /* wyd.app */,
				DF74390A2D6BE1AE001D9405 /* wydTests.xctest */,
				DF7439142D6BE1AE001D9405 /* wydUITests.xctest */,
			);
			name = Products;
			sourceTree = "<group>";
		};
/* End PBXGroup section */

/* Begin PBXNativeTarget section */
		DF7438F92D6BE1AC001D9405 /* wyd */ = {
			isa = PBXNativeTarget;
			buildConfigurationList = DF74391E2D6BE1AE001D9405 /* Build configuration list for PBXNativeTarget "wyd" */;
			buildPhases = (
				DF7438F62D6BE1AC001D9405 /* Sources */,
				DF7438F72D6BE1AC001D9405 /* Frameworks */,
				DF7438F82D6BE1AC001D9405 /* Resources */,
			);
			buildRules = (
			);
			dependencies = (
			);
			fileSystemSynchronizedGroups = (
				DF7438FC2D6BE1AC001D9405 /* wyd */,
			);
			name = wyd;
			packageProductDependencies = (
				DF1F906E2D6FEE0700B72801 /* FirebaseCore */,
				DF9B9CAF2D70B92A00C8BEE6 /* FirebaseAuth */,
				DF9B9CB12D70B92A00C8BEE6 /* FirebaseFirestore */,
			);
			productName = wyd;
			productReference = DF7438FA2D6BE1AC001D9405 /* wyd.app */;
			productType = "com.apple.product-type.application";
		};
		DF7439092D6BE1AE001D9405 /* wydTests */ = {
			isa = PBXNativeTarget;
			buildConfigurationList = DF7439212D6BE1AE001D9405 /* Build configuration list for PBXNativeTarget "wydTests" */;
			buildPhases = (
				DF7439062D6BE1AE001D9405 /* Sources */,
				DF7439072D6BE1AE001D9405 /* Frameworks */,
				DF7439082D6BE1AE001D9405 /* Resources */,
			);
			buildRules = (
			);
			dependencies = (
				DF74390C2D6BE1AE001D9405 /* PBXTargetDependency */,
			);
			fileSystemSynchronizedGroups = (
				DF74390D2D6BE1AE001D9405 /* wydTests */,
			);
			name = wydTests;
			packageProductDependencies = (
			);
			productName = wydTests;
			productReference = DF74390A2D6BE1AE001D9405 /* wydTests.xctest */;
			productType = "com.apple.product-type.bundle.unit-test";
		};
		DF7439132D6BE1AE001D9405 /* wydUITests */ = {
			isa = PBXNativeTarget;
			buildConfigurationList = DF7439242D6BE1AE001D9405 /* Build configuration list for PBXNativeTarget "wydUITests" */;
			buildPhases = (
				DF7439102D6BE1AE001D9405 /* Sources */,
				DF7439112D6BE1AE001D9405 /* Frameworks */,
				DF7439122D6BE1AE001D9405 /* Resources */,
			);
			buildRules = (
			);
			dependencies = (
				DF7439162D6BE1AE001D9405 /* PBXTargetDependency */,
			);
			fileSystemSynchronizedGroups = (
				DF7439172D6BE1AE001D9405 /* wydUITests */,
			);
			name = wydUITests;
			packageProductDependencies = (
			);
			productName = wydUITests;
			productReference = DF7439142D6BE1AE001D9405 /* wydUITests.xctest */;
			productType = "com.apple.product-type.bundle.ui-testing";
		};
/* End PBXNativeTarget section */

/* Begin PBXProject section */
		DF7438F22D6BE1AC001D9405 /* Project object */ = {
			isa = PBXProject;
			attributes = {
				BuildIndependentTargetsInParallel = 1;
				LastSwiftUpdateCheck = 1620;
				LastUpgradeCheck = 1620;
				TargetAttributes = {
					DF7438F92D6BE1AC001D9405 = {
						CreatedOnToolsVersion = 16.2;
					};
					DF7439092D6BE1AE001D9405 = {
						CreatedOnToolsVersion = 16.2;
						TestTargetID = DF7438F92D6BE1AC001D9405;
					};
					DF7439132D6BE1AE001D9405 = {
						CreatedOnToolsVersion = 16.2;
						TestTargetID = DF7438F92D6BE1AC001D9405;
					};
				};
			};
			buildConfigurationList = DF7438F52D6BE1AC001D9405 /* Build configuration list for PBXProject "wyd" */;
			developmentRegion = en;
			hasScannedForEncodings = 0;
			knownRegions = (
				en,
				Base,
			);
			mainGroup = DF7438F12D6BE1AC001D9405;
			minimizedProjectReferenceProxies = 1;
			packageReferences = (
				DF1F906D2D6FED4500B72801 /* XCRemoteSwiftPackageReference "firebase-ios-sdk" */,
			);
			preferredProjectObjectVersion = 77;
			productRefGroup = DF7438FB2D6BE1AC001D9405 /* Products */;
			projectDirPath = "";
			projectRoot = "";
			targets = (
				DF7438F92D6BE1AC001D9405 /* wyd */,
				DF7439092D6BE1AE001D9405 /* wydTests */,
				DF7439132D6BE1AE001D9405 /* wydUITests */,
			);
		};
/* End PBXProject section */

/* Begin PBXResourcesBuildPhase section */
		DF7438F82D6BE1AC001D9405 /* Resources */ = {
			isa = PBXResourcesBuildPhase;
			buildActionMask = 2147483647;
			files = (
			);
			runOnlyForDeploymentPostprocessing = 0;
		};
		DF7439082D6BE1AE001D9405 /* Resources */ = {
			isa = PBXResourcesBuildPhase;
			buildActionMask = 2147483647;
			files = (
			);
			runOnlyForDeploymentPostprocessing = 0;
		};
		DF7439122D6BE1AE001D9405 /* Resources */ = {
			isa = PBXResourcesBuildPhase;
			buildActionMask = 2147483647;
			files = (
			);
			runOnlyForDeploymentPostprocessing = 0;
		};
/* End PBXResourcesBuildPhase section */

/* Begin PBXSourcesBuildPhase section */
		DF7438F62D6BE1AC001D9405 /* Sources */ = {
			isa = PBXSourcesBuildPhase;
			buildActionMask = 2147483647;
			files = (
			);
			runOnlyForDeploymentPostprocessing = 0;
		};
		DF7439062D6BE1AE001D9405 /* Sources */ = {
			isa = PBXSourcesBuildPhase;
			buildActionMask = 2147483647;
			files = (
			);
			runOnlyForDeploymentPostprocessing = 0;
		};
		DF7439102D6BE1AE001D9405 /* Sources */ = {
			isa = PBXSourcesBuildPhase;
			buildActionMask = 2147483647;
			files = (
			);
			runOnlyForDeploymentPostprocessing = 0;
		};
/* End PBXSourcesBuildPhase section */

/* Begin PBXTargetDependency section */
		DF74390C2D6BE1AE001D9405 /* PBXTargetDependency */ = {
			isa = PBXTargetDependency;
			target = DF7438F92D6BE1AC001D9405 /* wyd */;
			targetProxy = DF74390B2D6BE1AE001D9405 /* PBXContainerItemProxy */;
		};
		DF7439162D6BE1AE001D9405 /* PBXTargetDependency */ = {
			isa = PBXTargetDependency;
			target = DF7438F92D6BE1AC001D9405 /* wyd */;
			targetProxy = DF7439152D6BE1AE001D9405 /* PBXContainerItemProxy */;
		};
/* End PBXTargetDependency section */

/* Begin XCBuildConfiguration section */
		DF74391C2D6BE1AE001D9405 /* Debug */ = {
			isa = XCBuildConfiguration;
			buildSettings = {
				ALWAYS_SEARCH_USER_PATHS = NO;
				ASSETCATALOG_COMPILER_GENERATE_SWIFT_ASSET_SYMBOL_EXTENSIONS = YES;
				CLANG_ANALYZER_NONNULL = YES;
				CLANG_ANALYZER_NUMBER_OBJECT_CONVERSION = YES_AGGRESSIVE;
				CLANG_CXX_LANGUAGE_STANDARD = "gnu++20";
				CLANG_ENABLE_MODULES = YES;
				CLANG_ENABLE_OBJC_ARC = YES;
				CLANG_ENABLE_OBJC_WEAK = YES;
				CLANG_WARN_BLOCK_CAPTURE_AUTORELEASING = YES;
				CLANG_WARN_BOOL_CONVERSION = YES;
				CLANG_WARN_COMMA = YES;
				CLANG_WARN_CONSTANT_CONVERSION = YES;
				CLANG_WARN_DEPRECATED_OBJC_IMPLEMENTATIONS = YES;
				CLANG_WARN_DIRECT_OBJC_ISA_USAGE = YES_ERROR;
				CLANG_WARN_DOCUMENTATION_COMMENTS = YES;
				CLANG_WARN_EMPTY_BODY = YES;
				CLANG_WARN_ENUM_CONVERSION = YES;
				CLANG_WARN_INFINITE_RECURSION = YES;
				CLANG_WARN_INT_CONVERSION = YES;
				CLANG_WARN_NON_LITERAL_NULL_CONVERSION = YES;
				CLANG_WARN_OBJC_IMPLICIT_RETAIN_SELF = YES;
				CLANG_WARN_OBJC_LITERAL_CONVERSION = YES;
				CLANG_WARN_OBJC_ROOT_CLASS = YES_ERROR;
				CLANG_WARN_QUOTED_INCLUDE_IN_FRAMEWORK_HEADER = YES;
				CLANG_WARN_RANGE_LOOP_ANALYSIS = YES;
				CLANG_WARN_STRICT_PROTOTYPES = YES;
				CLANG_WARN_SUSPICIOUS_MOVE = YES;
				CLANG_WARN_UNGUARDED_AVAILABILITY = YES_AGGRESSIVE;
				CLANG_WARN_UNREACHABLE_CODE = YES;
				CLANG_WARN__DUPLICATE_METHOD_MATCH = YES;
				COPY_PHASE_STRIP = NO;
				DEBUG_INFORMATION_FORMAT = dwarf;
				ENABLE_STRICT_OBJC_MSGSEND = YES;
				ENABLE_TESTABILITY = YES;
				ENABLE_USER_SCRIPT_SANDBOXING = YES;
				GCC_C_LANGUAGE_STANDARD = gnu17;
				GCC_DYNAMIC_NO_PIC = NO;
				GCC_NO_COMMON_BLOCKS = YES;
				GCC_OPTIMIZATION_LEVEL = 0;
				GCC_PREPROCESSOR_DEFINITIONS = (
					"DEBUG=1",
					"$(inherited)",
				);
				GCC_WARN_64_TO_32_BIT_CONVERSION = YES;
				GCC_WARN_ABOUT_RETURN_TYPE = YES_ERROR;
				GCC_WARN_UNDECLARED_SELECTOR = YES;
				GCC_WARN_UNINITIALIZED_AUTOS = YES_AGGRESSIVE;
				GCC_WARN_UNUSED_FUNCTION = YES;
				GCC_WARN_UNUSED_VARIABLE = YES;
				IPHONEOS_DEPLOYMENT_TARGET = 18.2;
				LOCALIZATION_PREFERS_STRING_CATALOGS = YES;
				MTL_ENABLE_DEBUG_INFO = INCLUDE_SOURCE;
				MTL_FAST_MATH = YES;
				ONLY_ACTIVE_ARCH = YES;
				SDKROOT = iphoneos;
				SWIFT_ACTIVE_COMPILATION_CONDITIONS = "DEBUG $(inherited)";
				SWIFT_OPTIMIZATION_LEVEL = "-Onone";
			};
			name = Debug;
		};
		DF74391D2D6BE1AE001D9405 /* Release */ = {
			isa = XCBuildConfiguration;
			buildSettings = {
				ALWAYS_SEARCH_USER_PATHS = NO;
				ASSETCATALOG_COMPILER_GENERATE_SWIFT_ASSET_SYMBOL_EXTENSIONS = YES;
				CLANG_ANALYZER_NONNULL = YES;
				CLANG_ANALYZER_NUMBER_OBJECT_CONVERSION = YES_AGGRESSIVE;
				CLANG_CXX_LANGUAGE_STANDARD = "gnu++20";
				CLANG_ENABLE_MODULES = YES;
				CLANG_ENABLE_OBJC_ARC = YES;
				CLANG_ENABLE_OBJC_WEAK = YES;
				CLANG_WARN_BLOCK_CAPTURE_AUTORELEASING = YES;
				CLANG_WARN_BOOL_CONVERSION = YES;
				CLANG_WARN_COMMA = YES;
				CLANG_WARN_CONSTANT_CONVERSION = YES;
				CLANG_WARN_DEPRECATED_OBJC_IMPLEMENTATIONS = YES;
				CLANG_WARN_DIRECT_OBJC_ISA_USAGE = YES_ERROR;
				CLANG_WARN_DOCUMENTATION_COMMENTS = YES;
				CLANG_WARN_EMPTY_BODY = YES;
				CLANG_WARN_ENUM_CONVERSION = YES;
				CLANG_WARN_INFINITE_RECURSION = YES;
				CLANG_WARN_INT_CONVERSION = YES;
				CLANG_WARN_NON_LITERAL_NULL_CONVERSION = YES;
				CLANG_WARN_OBJC_IMPLICIT_RETAIN_SELF = YES;
				CLANG_WARN_OBJC_LITERAL_CONVERSION = YES;
				CLANG_WARN_OBJC_ROOT_CLASS = YES_ERROR;
				CLANG_WARN_QUOTED_INCLUDE_IN_FRAMEWORK_HEADER = YES;
				CLANG_WARN_RANGE_LOOP_ANALYSIS = YES;
				CLANG_WARN_STRICT_PROTOTYPES = YES;
				CLANG_WARN_SUSPICIOUS_MOVE = YES;
				CLANG_WARN_UNGUARDED_AVAILABILITY = YES_AGGRESSIVE;
				CLANG_WARN_UNREACHABLE_CODE = YES;
				CLANG_WARN__DUPLICATE_METHOD_MATCH = YES;
				COPY_PHASE_STRIP = NO;
				DEBUG_INFORMATION_FORMAT = "dwarf-with-dsym";
				ENABLE_NS_ASSERTIONS = NO;
				ENABLE_STRICT_OBJC_MSGSEND = YES;
				ENABLE_USER_SCRIPT_SANDBOXING = YES;
				GCC_C_LANGUAGE_STANDARD = gnu17;
				GCC_NO_COMMON_BLOCKS = YES;
				GCC_WARN_64_TO_32_BIT_CONVERSION = YES;
				GCC_WARN_ABOUT_RETURN_TYPE = YES_ERROR;
				GCC_WARN_UNDECLARED_SELECTOR = YES;
				GCC_WARN_UNINITIALIZED_AUTOS = YES_AGGRESSIVE;
				GCC_WARN_UNUSED_FUNCTION = YES;
				GCC_WARN_UNUSED_VARIABLE = YES;
				IPHONEOS_DEPLOYMENT_TARGET = 18.2;
				LOCALIZATION_PREFERS_STRING_CATALOGS = YES;
				MTL_ENABLE_DEBUG_INFO = NO;
				MTL_FAST_MATH = YES;
				SDKROOT = iphoneos;
				SWIFT_COMPILATION_MODE = wholemodule;
				VALIDATE_PRODUCT = YES;
			};
			name = Release;
		};
		DF74391F2D6BE1AE001D9405 /* Debug */ = {
			isa = XCBuildConfiguration;
			buildSettings = {
				ASSETCATALOG_COMPILER_APPICON_NAME = AppIcon;
				ASSETCATALOG_COMPILER_GLOBAL_ACCENT_COLOR_NAME = AccentColor;
				CODE_SIGN_STYLE = Automatic;
				CURRENT_PROJECT_VERSION = 1;
				DEVELOPMENT_ASSET_PATHS = "\"wyd/Preview Content\"";
				DEVELOPMENT_TEAM = 8QU2M5M7VK;
				ENABLE_PREVIEWS = YES;
				GENERATE_INFOPLIST_FILE = YES;
				INFOPLIST_FILE = wyd/Info.plist;
				INFOPLIST_KEY_UIApplicationSceneManifest_Generation = YES;
				INFOPLIST_KEY_UIApplicationSupportsIndirectInputEvents = YES;
				INFOPLIST_KEY_UILaunchScreen_Generation = YES;
				INFOPLIST_KEY_UISupportedInterfaceOrientations_iPad = "UIInterfaceOrientationPortrait UIInterfaceOrientationPortraitUpsideDown UIInterfaceOrientationLandscapeLeft UIInterfaceOrientationLandscapeRight";
				INFOPLIST_KEY_UISupportedInterfaceOrientations_iPhone = "UIInterfaceOrientationPortrait UIInterfaceOrientationLandscapeLeft UIInterfaceOrientationLandscapeRight";
				LD_RUNPATH_SEARCH_PATHS = (
					"$(inherited)",
					"@executable_path/Frameworks",
				);
				MARKETING_VERSION = 1.0;
				PRODUCT_BUNDLE_IDENTIFIER = com.wydVishnu;
				PRODUCT_NAME = "$(TARGET_NAME)";
				SWIFT_EMIT_LOC_STRINGS = YES;
				SWIFT_VERSION = 5.0;
				TARGETED_DEVICE_FAMILY = "1,2";
			};
			name = Debug;
		};
		DF7439202D6BE1AE001D9405 /* Release */ = {
			isa = XCBuildConfiguration;
			buildSettings = {
				ASSETCATALOG_COMPILER_APPICON_NAME = AppIcon;
				ASSETCATALOG_COMPILER_GLOBAL_ACCENT_COLOR_NAME = AccentColor;
				CODE_SIGN_STYLE = Automatic;
				CURRENT_PROJECT_VERSION = 1;
				DEVELOPMENT_ASSET_PATHS = "\"wyd/Preview Content\"";
				DEVELOPMENT_TEAM = 8QU2M5M7VK;
				ENABLE_PREVIEWS = YES;
				GENERATE_INFOPLIST_FILE = YES;
				INFOPLIST_FILE = wyd/Info.plist;
				INFOPLIST_KEY_UIApplicationSceneManifest_Generation = YES;
				INFOPLIST_KEY_UIApplicationSupportsIndirectInputEvents = YES;
				INFOPLIST_KEY_UILaunchScreen_Generation = YES;
				INFOPLIST_KEY_UISupportedInterfaceOrientations_iPad = "UIInterfaceOrientationPortrait UIInterfaceOrientationPortraitUpsideDown UIInterfaceOrientationLandscapeLeft UIInterfaceOrientationLandscapeRight";
				INFOPLIST_KEY_UISupportedInterfaceOrientations_iPhone = "UIInterfaceOrientationPortrait UIInterfaceOrientationLandscapeLeft UIInterfaceOrientationLandscapeRight";
				LD_RUNPATH_SEARCH_PATHS = (
					"$(inherited)",
					"@executable_path/Frameworks",
				);
				MARKETING_VERSION = 1.0;
				PRODUCT_BUNDLE_IDENTIFIER = com.wydVishnu;
				PRODUCT_NAME = "$(TARGET_NAME)";
				SWIFT_EMIT_LOC_STRINGS = YES;
				SWIFT_VERSION = 5.0;
				TARGETED_DEVICE_FAMILY = "1,2";
			};
			name = Release;
		};
		DF7439222D6BE1AE001D9405 /* Debug */ = {
			isa = XCBuildConfiguration;
			buildSettings = {
				BUNDLE_LOADER = "$(TEST_HOST)";
				CODE_SIGN_STYLE = Automatic;
				CURRENT_PROJECT_VERSION = 1;
				DEVELOPMENT_TEAM = 8QU2M5M7VK;
				GENERATE_INFOPLIST_FILE = YES;
				IPHONEOS_DEPLOYMENT_TARGET = 18.2;
				MARKETING_VERSION = 1.0;
				PRODUCT_BUNDLE_IDENTIFIER = com.wydTests;
				PRODUCT_NAME = "$(TARGET_NAME)";
				SWIFT_EMIT_LOC_STRINGS = NO;
				SWIFT_VERSION = 5.0;
				TARGETED_DEVICE_FAMILY = "1,2";
				TEST_HOST = "$(BUILT_PRODUCTS_DIR)/wyd.app/$(BUNDLE_EXECUTABLE_FOLDER_PATH)/wyd";
			};
			name = Debug;
		};
		DF7439232D6BE1AE001D9405 /* Release */ = {
			isa = XCBuildConfiguration;
			buildSettings = {
				BUNDLE_LOADER = "$(TEST_HOST)";
				CODE_SIGN_STYLE = Automatic;
				CURRENT_PROJECT_VERSION = 1;
				DEVELOPMENT_TEAM = 8QU2M5M7VK;
				GENERATE_INFOPLIST_FILE = YES;
				IPHONEOS_DEPLOYMENT_TARGET = 18.2;
				MARKETING_VERSION = 1.0;
				PRODUCT_BUNDLE_IDENTIFIER = com.wydTests;
				PRODUCT_NAME = "$(TARGET_NAME)";
				SWIFT_EMIT_LOC_STRINGS = NO;
				SWIFT_VERSION = 5.0;
				TARGETED_DEVICE_FAMILY = "1,2";
				TEST_HOST = "$(BUILT_PRODUCTS_DIR)/wyd.app/$(BUNDLE_EXECUTABLE_FOLDER_PATH)/wyd";
			};
			name = Release;
		};
		DF7439252D6BE1AE001D9405 /* Debug */ = {
			isa = XCBuildConfiguration;
			buildSettings = {
				CODE_SIGN_STYLE = Automatic;
				CURRENT_PROJECT_VERSION = 1;
				DEVELOPMENT_TEAM = 8QU2M5M7VK;
				GENERATE_INFOPLIST_FILE = YES;
				MARKETING_VERSION = 1.0;
				PRODUCT_BUNDLE_IDENTIFIER = com.wydUITests;
				PRODUCT_NAME = "$(TARGET_NAME)";
				SWIFT_EMIT_LOC_STRINGS = NO;
				SWIFT_VERSION = 5.0;
				TARGETED_DEVICE_FAMILY = "1,2";
				TEST_TARGET_NAME = wyd;
			};
			name = Debug;
		};
		DF7439262D6BE1AE001D9405 /* Release */ = {
			isa = XCBuildConfiguration;
			buildSettings = {
				CODE_SIGN_STYLE = Automatic;
				CURRENT_PROJECT_VERSION = 1;
				DEVELOPMENT_TEAM = 8QU2M5M7VK;
				GENERATE_INFOPLIST_FILE = YES;
				MARKETING_VERSION = 1.0;
				PRODUCT_BUNDLE_IDENTIFIER = com.wydUITests;
				PRODUCT_NAME = "$(TARGET_NAME)";
				SWIFT_EMIT_LOC_STRINGS = NO;
				SWIFT_VERSION = 5.0;
				TARGETED_DEVICE_FAMILY = "1,2";
				TEST_TARGET_NAME = wyd;
			};
			name = Release;
		};
/* End XCBuildConfiguration section */

/* Begin XCConfigurationList section */
		DF7438F52D6BE1AC001D9405 /* Build configuration list for PBXProject "wyd" */ = {
			isa = XCConfigurationList;
			buildConfigurations = (
				DF74391C2D6BE1AE001D9405 /* Debug */,
				DF74391D2D6BE1AE001D9405 /* Release */,
			);
			defaultConfigurationIsVisible = 0;
			defaultConfigurationName = Release;
		};
		DF74391E2D6BE1AE001D9405 /* Build configuration list for PBXNativeTarget "wyd" */ = {
			isa = XCConfigurationList;
			buildConfigurations = (
				DF74391F2D6BE1AE001D9405 /* Debug */,
				DF7439202D6BE1AE001D9405 /* Release */,
			);
			defaultConfigurationIsVisible = 0;
			defaultConfigurationName = Release;
		};
		DF7439212D6BE1AE001D9405 /* Build configuration list for PBXNativeTarget "wydTests" */ = {
			isa = XCConfigurationList;
			buildConfigurations = (
				DF7439222D6BE1AE001D9405 /* Debug */,
				DF7439232D6BE1AE001D9405 /* Release */,
			);
			defaultConfigurationIsVisible = 0;
			defaultConfigurationName = Release;
		};
		DF7439242D6BE1AE001D9405 /* Build configuration list for PBXNativeTarget "wydUITests" */ = {
			isa = XCConfigurationList;
			buildConfigurations = (
				DF7439252D6BE1AE001D9405 /* Debug */,
				DF7439262D6BE1AE001D9405 /* Release */,
			);
			defaultConfigurationIsVisible = 0;
			defaultConfigurationName = Release;
		};
/* End XCConfigurationList section */

/* Begin XCRemoteSwiftPackageReference section */
		DF1F906D2D6FED4500B72801 /* XCRemoteSwiftPackageReference "firebase-ios-sdk" */ = {
			isa = XCRemoteSwiftPackageReference;
			repositoryURL = "https://github.com/firebase/firebase-ios-sdk";
			requirement = {
				kind = upToNextMajorVersion;
				minimumVersion = 11.9.0;
			};
		};
/* End XCRemoteSwiftPackageReference section */

/* Begin XCSwiftPackageProductDependency section */
		DF1F906E2D6FEE0700B72801 /* FirebaseCore */ = {
			isa = XCSwiftPackageProductDependency;
			package = DF1F906D2D6FED4500B72801 /* XCRemoteSwiftPackageReference "firebase-ios-sdk" */;
			productName = FirebaseCore;
		};
		DF9B9CAF2D70B92A00C8BEE6 /* FirebaseAuth */ = {
			isa = XCSwiftPackageProductDependency;
			package = DF1F906D2D6FED4500B72801 /* XCRemoteSwiftPackageReference "firebase-ios-sdk" */;
			productName = FirebaseAuth;
		};
		DF9B9CB12D70B92A00C8BEE6 /* FirebaseFirestore */ = {
			isa = XCSwiftPackageProductDependency;
			package = DF1F906D2D6FED4500B72801 /* XCRemoteSwiftPackageReference "firebase-ios-sdk" */;
			productName = FirebaseFirestore;
		};
/* End XCSwiftPackageProductDependency section */
	};
	rootObject = DF7438F22D6BE1AC001D9405 /* Project object */;
}
